
Microsoft Visual Studio Solution File, Format Version 12.00
# Visual Studio Version 16
VisualStudioVersion = 16.0.31402.337
MinimumVisualStudioVersion = 10.0.40219.1
Project("{FAE04EC0-301F-11D3-BF4B-00C04F79EFBC}") = "PathfinderSaver", "PathfinderS\PathfinderSaver.csproj", "{945B4385-C231-4FFF-AFE7-56CE2229D096}"
EndProject
Global
	GlobalSection(SolutionConfigurationPlatforms) = preSolution
		Debug|Any CPU = Debug|Any CPU
		Release|Any CPU = Release|Any CPU
	EndGlobalSection
	GlobalSection(ProjectConfigurationPlatforms) = postSolution
		{945B4385-C231-4FFF-AFE7-56CE2229D096}.Debug|Any CPU.ActiveCfg = Debug|Any CPU
		{945B4385-C231-4FFF-AFE7-56CE2229D096}.Debug|Any CPU.Build.0 = Debug|Any CPU
		{945B4385-C231-4FFF-AFE7-56CE2229D096}.Release|Any CPU.ActiveCfg = Release|Any CPU
		{945B4385-C231-4FFF-AFE7-56CE2229D096}.Release|Any CPU.Build.0 = Release|Any CPU
	EndGlobalSection
	GlobalSection(SolutionProperties) = preSolution
		HideSolutionNode = FALSE
	EndGlobalSection
	GlobalSection(ExtensibilityGlobals) = postSolution
		SolutionGuid = {91F14C51-5C46-410F-AEF1-BAAD177ACB7B}
	EndGlobalSection
EndGlobal
